# This file is autogenerated, do not edit; changes may be undone by the next 'dep ensure'.


[[projects]]
  digest = "1:9d8420bbf131d1618bde6530af37c3799340d3762cc47210c1d9532a4c3a2779"
  name = "github.com/spf13/pflag"
  packages = ["."]
  pruneopts = "NUT"
  revision = "298182f68c66c05229eb03ac171abe6e309ee79a"
  version = "v1.0.3"

[[projects]]
  branch = "master"
  digest = "1:37a10ef0ba5126e0459bf3644213c664babe7a04e39fd4c292f8f5d130820990"
  name = "golang.org/x/tools"
  packages = [
    "go/ast/astutil",
    "go/gcexportdata",
    "go/internal/gcimporter",
    "go/internal/packagesdriver",
    "go/packages",
    "go/types/typeutil",
    "imports",
    "internal/fastwalk",
    "internal/gopathwalk",
    "internal/imports",
    "internal/module",
    "internal/semver",
  ]
  pruneopts = "NUT"
  revision = "3d17549cdc6bfc8f924b817a94ec54bec5596488"

[[projects]]
  branch = "master"
  digest = "1:b52a3c019a832da8278924ab0ad525b5b6e6e6cd372fbe10cf7377b709436f21"
  name = "k8s.io/code-generator"
  packages = ["pkg/util"]
  pruneopts = "NUT"
  revision = "639c964206c28ac3859cf36f212c24775616884a"

[[projects]]
  branch = "master"
  digest = "1:28a32d7ac148ae6f81d5903f6455ae6530c19ba48708d0366263d61679945b13"
  name = "k8s.io/gengo"
  packages = [
    "args",
    "generator",
    "namer",
    "parser",
    "types",
  ]
  pruneopts = "NUT"
  revision = "e17681d19d3ac4837a019ece36c2a0ec31ffe985"

[[projects]]
  digest = "1:90dac8d69edf2e941129e41e989f5d0085ea1de22d16988a7ddef01a66c8d45b"
  name = "k8s.io/klog"
  packages = ["."]
  pruneopts = "NUT"
  revision = "89e63fd5117f8c20208186ef85f096703a280c20"
  version = "v0.3.1"

[solve-meta]
  analyzer-name = "dep"
  analyzer-version = 1
  input-imports = [
    "github.com/spf13/pflag",
    "k8s.io/code-generator/pkg/util",
    "k8s.io/gengo/args",
    "k8s.io/gengo/generator",
    "k8s.io/gengo/namer",
    "k8s.io/gengo/types",
    "k8s.io/klog",
  ]
  solver-name = "gps-cdcl"
  solver-version = 1
